
Microsoft Visual Studio Solution File, Format Version 12.00
# Visual Studio Version 17
VisualStudioVersion = 17.7.34024.191
MinimumVisualStudioVersion = 10.0.40219.1
Project("{2150E333-8FDC-42A3-9474-1A3956D46DE8}") = "API", "API", "{D4F578E7-BDBB-4D8A-A0E8-35AD84DFD4E9}"
EndProject
Project("{2150E333-8FDC-42A3-9474-1A3956D46DE8}") = "DDD", "DDD", "{71365517-E514-4FEB-9CC1-AEAEF622B77D}"
EndProject
Project("{2150E333-8FDC-42A3-9474-1A3956D46DE8}") = "TDD", "TDD", "{BE9AE98B-AD60-40F6-841A-4F31FA4256A3}"
EndProject
Project("{2150E333-8FDC-42A3-9474-1A3956D46DE8}") = "UnitTest", "UnitTest", "{AE3DEA9F-A49B-413E-BD6C-F1EE12730D3A}"
EndProject
Project("{2150E333-8FDC-42A3-9474-1A3956D46DE8}") = "IntegrationTest", "IntegrationTest", "{99A4D5A9-A86B-4D99-B957-9AABD8B34760}"
EndProject
Project("{2150E333-8FDC-42A3-9474-1A3956D46DE8}") = "Application", "Application", "{3E4854CE-6EF7-4684-A8B2-783ACB3BB9B3}"
EndProject
Project("{2150E333-8FDC-42A3-9474-1A3956D46DE8}") = "Domain", "Domain", "{FF832FA0-6593-41F6-BC76-F0014C02DA5C}"
EndProject
Project("{2150E333-8FDC-42A3-9474-1A3956D46DE8}") = "Infraestructure", "Infraestructure", "{7DC0F304-206B-4F33-877B-8632CB0125DE}"
EndProject
Project("{9A19103F-16F7-4668-BE54-9A1E7A4F7556}") = "EnvioDeEmail.Services.Api", "EnvioDeEmail.Services.Api\EnvioDeEmail.Services.Api.csproj", "{AFEB0AE6-512B-4E29-9EE5-4CF4E9E82DF4}"
EndProject
Project("{9A19103F-16F7-4668-BE54-9A1E7A4F7556}") = "ServicoDeEmail.Application", "ServicoDeEmail.Application\ServicoDeEmail.Application.csproj", "{23E82630-5298-4DA1-B8AE-F8E088610506}"
EndProject
Project("{9A19103F-16F7-4668-BE54-9A1E7A4F7556}") = "ServicoDeEmail.Domain", "ServicoDeEmail.Domain\ServicoDeEmail.Domain.csproj", "{7922E378-7442-4B78-B68F-C97E53BB833F}"
EndProject
Project("{9A19103F-16F7-4668-BE54-9A1E7A4F7556}") = "ServicoDeEmail.Domain.Core", "ServicoDeEmail.Domain.Core\ServicoDeEmail.Domain.Core.csproj", "{303A313B-0052-4AAC-8E2A-A96F56F4DDA0}"
EndProject
Project("{9A19103F-16F7-4668-BE54-9A1E7A4F7556}") = "ServicoDeEmail.Infraestructure.Data", "ServicoDeEmail.Infraestructure.Data\ServicoDeEmail.Infraestructure.Data.csproj", "{92CD33B3-AA8F-40A9-AC5D-981D6C2053CE}"
EndProject
Project("{9A19103F-16F7-4668-BE54-9A1E7A4F7556}") = "ServicoDeEmail.Integration.Tests", "ServicoDeEmail.Integration.Tests\ServicoDeEmail.Integration.Tests.csproj", "{AC085FB5-3CE9-4C8D-85E8-5372BAA8FDF5}"
EndProject
Project("{9A19103F-16F7-4668-BE54-9A1E7A4F7556}") = "ServicoDeEmail.Unit.Tests", "ServicoDeEmail.Unit.Tests\ServicoDeEmail.Unit.Tests.csproj", "{C75D3AA8-A7AE-4C1E-940E-B3304FD965D6}"
EndProject
Project("{9A19103F-16F7-4668-BE54-9A1E7A4F7556}") = "ServicoDeEmail.Infraestructure.IoC", "ServicoDeEmail.Infraestructure.IoC\ServicoDeEmail.Infraestructure.IoC.csproj", "{38CE175B-5D78-4543-9C01-B45EBE658FA9}"
EndProject
Project("{FAE04EC0-301F-11D3-BF4B-00C04F79EFBC}") = "ServicoDeEmail.Infraestructure.MessageEmail.Quartz", "ServicoDeEmail.Infraestructure.MessageEmail.Quartz\ServicoDeEmail.Infraestructure.MessageEmail.Quartz.csproj", "{D50BE947-271C-4313-ACCB-0511E51C7870}"
EndProject
Global
	GlobalSection(SolutionConfigurationPlatforms) = preSolution
		Debug|Any CPU = Debug|Any CPU
		Release|Any CPU = Release|Any CPU
	EndGlobalSection
	GlobalSection(ProjectConfigurationPlatforms) = postSolution
		{AFEB0AE6-512B-4E29-9EE5-4CF4E9E82DF4}.Debug|Any CPU.ActiveCfg = Debug|Any CPU
		{AFEB0AE6-512B-4E29-9EE5-4CF4E9E82DF4}.Debug|Any CPU.Build.0 = Debug|Any CPU
		{AFEB0AE6-512B-4E29-9EE5-4CF4E9E82DF4}.Release|Any CPU.ActiveCfg = Release|Any CPU
		{AFEB0AE6-512B-4E29-9EE5-4CF4E9E82DF4}.Release|Any CPU.Build.0 = Release|Any CPU
		{23E82630-5298-4DA1-B8AE-F8E088610506}.Debug|Any CPU.ActiveCfg = Debug|Any CPU
		{23E82630-5298-4DA1-B8AE-F8E088610506}.Debug|Any CPU.Build.0 = Debug|Any CPU
		{23E82630-5298-4DA1-B8AE-F8E088610506}.Release|Any CPU.ActiveCfg = Release|Any CPU
		{23E82630-5298-4DA1-B8AE-F8E088610506}.Release|Any CPU.Build.0 = Release|Any CPU
		{7922E378-7442-4B78-B68F-C97E53BB833F}.Debug|Any CPU.ActiveCfg = Debug|Any CPU
		{7922E378-7442-4B78-B68F-C97E53BB833F}.Debug|Any CPU.Build.0 = Debug|Any CPU
		{7922E378-7442-4B78-B68F-C97E53BB833F}.Release|Any CPU.ActiveCfg = Release|Any CPU
		{7922E378-7442-4B78-B68F-C97E53BB833F}.Release|Any CPU.Build.0 = Release|Any CPU
		{303A313B-0052-4AAC-8E2A-A96F56F4DDA0}.Debug|Any CPU.ActiveCfg = Debug|Any CPU
		{303A313B-0052-4AAC-8E2A-A96F56F4DDA0}.Debug|Any CPU.Build.0 = Debug|Any CPU
		{303A313B-0052-4AAC-8E2A-A96F56F4DDA0}.Release|Any CPU.ActiveCfg = Release|Any CPU
		{303A313B-0052-4AAC-8E2A-A96F56F4DDA0}.Release|Any CPU.Build.0 = Release|Any CPU
		{92CD33B3-AA8F-40A9-AC5D-981D6C2053CE}.Debug|Any CPU.ActiveCfg = Debug|Any CPU
		{92CD33B3-AA8F-40A9-AC5D-981D6C2053CE}.Debug|Any CPU.Build.0 = Debug|Any CPU
		{92CD33B3-AA8F-40A9-AC5D-981D6C2053CE}.Release|Any CPU.ActiveCfg = Release|Any CPU
		{92CD33B3-AA8F-40A9-AC5D-981D6C2053CE}.Release|Any CPU.Build.0 = Release|Any CPU
		{AC085FB5-3CE9-4C8D-85E8-5372BAA8FDF5}.Debug|Any CPU.ActiveCfg = Debug|Any CPU
		{AC085FB5-3CE9-4C8D-85E8-5372BAA8FDF5}.Debug|Any CPU.Build.0 = Debug|Any CPU
		{AC085FB5-3CE9-4C8D-85E8-5372BAA8FDF5}.Release|Any CPU.ActiveCfg = Release|Any CPU
		{AC085FB5-3CE9-4C8D-85E8-5372BAA8FDF5}.Release|Any CPU.Build.0 = Release|Any CPU
		{C75D3AA8-A7AE-4C1E-940E-B3304FD965D6}.Debug|Any CPU.ActiveCfg = Debug|Any CPU
		{C75D3AA8-A7AE-4C1E-940E-B3304FD965D6}.Debug|Any CPU.Build.0 = Debug|Any CPU
		{C75D3AA8-A7AE-4C1E-940E-B3304FD965D6}.Release|Any CPU.ActiveCfg = Release|Any CPU
		{C75D3AA8-A7AE-4C1E-940E-B3304FD965D6}.Release|Any CPU.Build.0 = Release|Any CPU
		{38CE175B-5D78-4543-9C01-B45EBE658FA9}.Debug|Any CPU.ActiveCfg = Debug|Any CPU
		{38CE175B-5D78-4543-9C01-B45EBE658FA9}.Debug|Any CPU.Build.0 = Debug|Any CPU
		{38CE175B-5D78-4543-9C01-B45EBE658FA9}.Release|Any CPU.ActiveCfg = Release|Any CPU
		{38CE175B-5D78-4543-9C01-B45EBE658FA9}.Release|Any CPU.Build.0 = Release|Any CPU
		{D50BE947-271C-4313-ACCB-0511E51C7870}.Debug|Any CPU.ActiveCfg = Debug|Any CPU
		{D50BE947-271C-4313-ACCB-0511E51C7870}.Debug|Any CPU.Build.0 = Debug|Any CPU
		{D50BE947-271C-4313-ACCB-0511E51C7870}.Release|Any CPU.ActiveCfg = Release|Any CPU
		{D50BE947-271C-4313-ACCB-0511E51C7870}.Release|Any CPU.Build.0 = Release|Any CPU
	EndGlobalSection
	GlobalSection(SolutionProperties) = preSolution
		HideSolutionNode = FALSE
	EndGlobalSection
	GlobalSection(NestedProjects) = preSolution
		{AE3DEA9F-A49B-413E-BD6C-F1EE12730D3A} = {BE9AE98B-AD60-40F6-841A-4F31FA4256A3}
		{99A4D5A9-A86B-4D99-B957-9AABD8B34760} = {BE9AE98B-AD60-40F6-841A-4F31FA4256A3}
		{3E4854CE-6EF7-4684-A8B2-783ACB3BB9B3} = {71365517-E514-4FEB-9CC1-AEAEF622B77D}
		{FF832FA0-6593-41F6-BC76-F0014C02DA5C} = {71365517-E514-4FEB-9CC1-AEAEF622B77D}
		{7DC0F304-206B-4F33-877B-8632CB0125DE} = {71365517-E514-4FEB-9CC1-AEAEF622B77D}
		{AFEB0AE6-512B-4E29-9EE5-4CF4E9E82DF4} = {D4F578E7-BDBB-4D8A-A0E8-35AD84DFD4E9}
		{23E82630-5298-4DA1-B8AE-F8E088610506} = {3E4854CE-6EF7-4684-A8B2-783ACB3BB9B3}
		{7922E378-7442-4B78-B68F-C97E53BB833F} = {FF832FA0-6593-41F6-BC76-F0014C02DA5C}
		{303A313B-0052-4AAC-8E2A-A96F56F4DDA0} = {FF832FA0-6593-41F6-BC76-F0014C02DA5C}
		{92CD33B3-AA8F-40A9-AC5D-981D6C2053CE} = {7DC0F304-206B-4F33-877B-8632CB0125DE}
		{AC085FB5-3CE9-4C8D-85E8-5372BAA8FDF5} = {99A4D5A9-A86B-4D99-B957-9AABD8B34760}
		{C75D3AA8-A7AE-4C1E-940E-B3304FD965D6} = {AE3DEA9F-A49B-413E-BD6C-F1EE12730D3A}
		{38CE175B-5D78-4543-9C01-B45EBE658FA9} = {7DC0F304-206B-4F33-877B-8632CB0125DE}
		{D50BE947-271C-4313-ACCB-0511E51C7870} = {7DC0F304-206B-4F33-877B-8632CB0125DE}
	EndGlobalSection
	GlobalSection(ExtensibilityGlobals) = postSolution
		SolutionGuid = {B51C3D1D-80BF-4602-9245-973D36B45331}
	EndGlobalSection
EndGlobal
